{
  "name": "hitc-demo-machine-translation",
  "version": "1.0.0",
  "lockfileVersion": 3,
  "requires": true,
  "packages": {
    "": {
      "name": "hitc-demo-machine-translation",
      "version": "1.0.0",
      "devDependencies": {
        "@hitc/netsuite-types": "^2025.2.1"
      }
    },
    "node_modules/@hitc/netsuite-types": {
      "version": "2025.2.1",
      "resolved": "https://registry.npmjs.org/@hitc/netsuite-types/-/netsuite-types-2025.2.1.tgz",
      "integrity": "sha512-K1HGg+KqW2ZoooIItjvIfkPz3jhP3HY9f3OmkbRwkXdAaoaBginx6MIPenHt2yp0TmexpjM6vZIgRTtb6cTRIw==",
      "dev": true,
      "license": "MIT"
    }
  }
}
