{
  "name": "hitc-demo-machine-translation",
  "version": "1.0.0",
  "lockfileVersion": 3,
  "requires": true,
  "packages": {
    "": {
      "name": "hitc-demo-machine-translation",
      "version": "1.0.0",
      "devDependencies": {
        "@hitc/netsuite-types": "^2025.2.0"
      }
    },
    "node_modules/@hitc/netsuite-types": {
      "version": "2025.2.0",
      "resolved": "https://registry.npmjs.org/@hitc/netsuite-types/-/netsuite-types-2025.2.0.tgz",
      "integrity": "sha512-gkEuXeytpaaM7Ycsw1EC9gsAhAsHNZ9Iz+rpYOqzY1F0y6AFNpqLigND6rdNGxW+8t1CMKKdRVB3h6wIjFutHg==",
      "dev": true,
      "license": "MIT"
    }
  }
}
